// !$*UTF8*$!
{
	archiveVersion = 1;
	classes = {
	};
	objectVersion = 50;
	objects = {

/* Begin PBXBuildFile section */
		8266D1552181F8D50090DF3E /* AppDelegate.swift in Sources */ = {isa = PBXBuildFile; fileRef = 8266D1542181F8D50090DF3E /* AppDelegate.swift */; };
		8266D1572181F8D50090DF3E /* ViewController.swift in Sources */ = {isa = PBXBuildFile; fileRef = 8266D1562181F8D50090DF3E /* ViewController.swift */; };
		8266D15A2181F8D50090DF3E /* Main.storyboard in Resources */ = {isa = PBXBuildFile; fileRef = 8266D1582181F8D50090DF3E /* Main.storyboard */; };
		8266D15C2181F8D70090DF3E /* Assets.xcassets in Resources */ = {isa = PBXBuildFile; fileRef = 8266D15B2181F8D70090DF3E /* Assets.xcassets */; };
		8266D15F2181F8D70090DF3E /* LaunchScreen.storyboard in Resources */ = {isa = PBXBuildFile; fileRef = 8266D15D2181F8D70090DF3E /* LaunchScreen.storyboard */; };
		8266D16B2181F9530090DF3E /* stormshield.framework in Copy Frameworks */ = {isa = PBXBuildFile; fileRef = 8266D1682181F93D0090DF3E /* stormshield.framework */; settings = {ATTRIBUTES = (CodeSignOnCopy, RemoveHeadersOnCopy, ); }; };
		8266D16C2181FA430090DF3E /* stormshield.framework in Frameworks */ = {isa = PBXBuildFile; fileRef = 8266D1682181F93D0090DF3E /* stormshield.framework */; };
/* End PBXBuildFile section */

/* Begin PBXCopyFilesBuildPhase section */
		8266D16A2181F9440090DF3E /* Copy Frameworks */ = {
			isa = PBXCopyFilesBuildPhase;
			buildActionMask = 2147483647;
			dstPath = "";
			dstSubfolderSpec = 10;
			files = (
				8266D16B2181F9530090DF3E /* stormshield.framework in Copy Frameworks */,
			);
			name = "Copy Frameworks";
			runOnlyForDeploymentPostprocessing = 0;
		};
/* End PBXCopyFilesBuildPhase section */

/* Begin PBXFileReference section */
		8266D1512181F8D50090DF3E /* KotlinSwift.app */ = {isa = PBXFileReference; explicitFileType = wrapper.application; includeInIndex = 0; path = KotlinSwift.app; sourceTree = BUILT_PRODUCTS_DIR; };
		8266D1542181F8D50090DF3E /* AppDelegate.swift */ = {isa = PBXFileReference; lastKnownFileType = sourcecode.swift; path = AppDelegate.swift; sourceTree = "<group>"; };
		8266D1562181F8D50090DF3E /* ViewController.swift */ = {isa = PBXFileReference; lastKnownFileType = sourcecode.swift; path = ViewController.swift; sourceTree = "<group>"; };
		8266D1592181F8D50090DF3E /* Base */ = {isa = PBXFileReference; lastKnownFileType = file.storyboard; name = Base; path = Base.lproj/Main.storyboard; sourceTree = "<group>"; };
		8266D15B2181F8D70090DF3E /* Assets.xcassets */ = {isa = PBXFileReference; lastKnownFileType = folder.assetcatalog; path = Assets.xcassets; sourceTree = "<group>"; };
		8266D15E2181F8D70090DF3E /* Base */ = {isa = PBXFileReference; lastKnownFileType = file.storyboard; name = Base; path = Base.lproj/LaunchScreen.storyboard; sourceTree = "<group>"; };
		8266D1602181F8D70090DF3E /* Info.plist */ = {isa = PBXFileReference; lastKnownFileType = text.plist.xml; path = Info.plist; sourceTree = "<group>"; };
		8266D1682181F93D0090DF3E /* stormshield.framework */ = {isa = PBXFileReference; lastKnownFileType = wrapper.framework; name = stormshield.framework; path = "../stormshield/build/xcode-frameworks/stormshield.framework"; sourceTree = "<group>"; };
/* End PBXFileReference section */

/* Begin PBXFrameworksBuildPhase section */
		8266D14E2181F8D50090DF3E /* Frameworks */ = {
			isa = PBXFrameworksBuildPhase;
			buildActionMask = 2147483647;
			files = (
				8266D16C2181FA430090DF3E /* stormshield.framework in Frameworks */,
			);
			runOnlyForDeploymentPostprocessing = 0;
		};
/* End PBXFrameworksBuildPhase section */

/* Begin PBXGroup section */
		8266D1482181F8D50090DF3E = {
			isa = PBXGroup;
			children = (
				8266D1532181F8D50090DF3E /* KotlinSwift */,
				8266D1522181F8D50090DF3E /* Products */,
				8266D1672181F93D0090DF3E /* Frameworks */,
			);
			sourceTree = "<group>";
		};
		8266D1522181F8D50090DF3E /* Products */ = {
			isa = PBXGroup;
			children = (
				8266D1512181F8D50090DF3E /* KotlinSwift.app */,
			);
			name = Products;
			sourceTree = "<group>";
		};
		8266D1532181F8D50090DF3E /* KotlinSwift */ = {
			isa = PBXGroup;
			children = (
				8266D1542181F8D50090DF3E /* AppDelegate.swift */,
				8266D1562181F8D50090DF3E /* ViewController.swift */,
				8266D1582181F8D50090DF3E /* Main.storyboard */,
				8266D15B2181F8D70090DF3E /* Assets.xcassets */,
				8266D15D2181F8D70090DF3E /* LaunchScreen.storyboard */,
				8266D1602181F8D70090DF3E /* Info.plist */,
			);
			path = KotlinSwift;
			sourceTree = "<group>";
		};
		8266D1672181F93D0090DF3E /* Frameworks */ = {
			isa = PBXGroup;
			children = (
				8266D1682181F93D0090DF3E /* stormshield.framework */,
			);
			name = Frameworks;
			sourceTree = "<group>";
		};
/* End PBXGroup section */

/* Begin PBXNativeTarget section */
		8266D1502181F8D50090DF3E /* KotlinSwift */ = {
			isa = PBXNativeTarget;
			buildConfigurationList = 8266D1632181F8D70090DF3E /* Build configuration list for PBXNativeTarget "KotlinSwift" */;
			buildPhases = (
				8266D1662181F91F0090DF3E /* Build Kotlin */,
				8266D14D2181F8D50090DF3E /* Sources */,
				8266D14E2181F8D50090DF3E /* Frameworks */,
				8266D14F2181F8D50090DF3E /* Resources */,
				8266D16A2181F9440090DF3E /* Copy Frameworks */,
			);
			buildRules = (
			);
			dependencies = (
			);
			name = KotlinSwift;
			productName = KotlinSwift;
			productReference = 8266D1512181F8D50090DF3E /* KotlinSwift.app */;
			productType = "com.apple.product-type.application";
		};
/* End PBXNativeTarget section */

/* Begin PBXProject section */
		8266D1492181F8D50090DF3E /* Project object */ = {
			isa = PBXProject;
			attributes = {
				LastSwiftUpdateCheck = 1010;
				LastUpgradeCheck = 1010;
				ORGANIZATIONNAME = PC;
				TargetAttributes = {
					8266D1502181F8D50090DF3E = {
						CreatedOnToolsVersion = 10.1;
					};
				};
			};
			buildConfigurationList = 8266D14C2181F8D50090DF3E /* Build configuration list for PBXProject "KotlinSwift" */;
			compatibilityVersion = "Xcode 9.3";
			developmentRegion = en;
			hasScannedForEncodings = 0;
			knownRegions = (
				en,
				Base,
			);
			mainGroup = 8266D1482181F8D50090DF3E;
			productRefGroup = 8266D1522181F8D50090DF3E /* Products */;
			projectDirPath = "";
			projectRoot = "";
			targets = (
				8266D1502181F8D50090DF3E /* KotlinSwift */,
			);
		};
/* End PBXProject section */

/* Begin PBXResourcesBuildPhase section */
		8266D14F2181F8D50090DF3E /* Resources */ = {
			isa = PBXResourcesBuildPhase;
			buildActionMask = 2147483647;
			files = (
				8266D15F2181F8D70090DF3E /* LaunchScreen.storyboard in Resources */,
				8266D15C2181F8D70090DF3E /* Assets.xcassets in Resources */,
				8266D15A2181F8D50090DF3E /* Main.storyboard in Resources */,
			);
			runOnlyForDeploymentPostprocessing = 0;
		};
/* End PBXResourcesBuildPhase section */

/* Begin PBXShellScriptBuildPhase section */
		8266D1662181F91F0090DF3E /* Build Kotlin */ = {
			isa = PBXShellScriptBuildPhase;
			buildActionMask = 2147483647;
			files = (
			);
			inputFileListPaths = (
			);
			inputPaths = (
			);
			name = "Build Kotlin";
			outputFileListPaths = (
			);
			outputPaths = (
			);
			runOnlyForDeploymentPostprocessing = 0;
			shellPath = /bin/sh;
			shellScript = "cd \"${PROJECT_DIR}/../\"\n./gradlew stormshield:packForXCode -PXCODE_CONFIGURATION=${CONFIGURATION}\n";
		};
/* End PBXShellScriptBuildPhase section */

/* Begin PBXSourcesBuildPhase section */
		8266D14D2181F8D50090DF3E /* Sources */ = {
			isa = PBXSourcesBuildPhase;
			buildActionMask = 2147483647;
			files = (
				8266D1572181F8D50090DF3E /* ViewController.swift in Sources */,
				8266D1552181F8D50090DF3E /* AppDelegate.swift in Sources */,
			);
			runOnlyForDeploymentPostprocessing = 0;
		};
/* End PBXSourcesBuildPhase section */

/* Begin PBXVariantGroup section */
		8266D1582181F8D50090DF3E /* Main.storyboard */ = {
			isa = PBXVariantGroup;
			children = (
				8266D1592181F8D50090DF3E /* Base */,
			);
			name = Main.storyboard;
			sourceTree = "<group>";
		};
		8266D15D2181F8D70090DF3E /* LaunchScreen.storyboard */ = {
			isa = PBXVariantGroup;
			children = (
				8266D15E2181F8D70090DF3E /* Base */,
			);
			name = LaunchScreen.storyboard;
			sourceTree = "<group>";
		};
/* End PBXVariantGroup section */

/* Begin XCBuildConfiguration section */
		8266D1612181F8D70090DF3E /* Debug */ = {
			isa = XCBuildConfiguration;
			buildSettings = {
				ALWAYS_SEARCH_USER_PATHS = NO;
				CLANG_ANALYZER_NONNULL = YES;
				CLANG_ANALYZER_NUMBER_OBJECT_CONVERSION = YES_AGGRESSIVE;
				CLANG_CXX_LANGUAGE_STANDARD = "gnu++14";
				CLANG_CXX_LIBRARY = "libc++";
				CLANG_ENABLE_MODULES = YES;
				CLANG_ENABLE_OBJC_ARC = YES;
				CLANG_ENABLE_OBJC_WEAK = YES;
				CLANG_WARN_BLOCK_CAPTURE_AUTORELEASING = YES;
				CLANG_WARN_BOOL_CONVERSION = YES;
				CLANG_WARN_COMMA = YES;
				CLANG_WARN_CONSTANT_CONVERSION = YES;
				CLANG_WARN_DEPRECATED_OBJC_IMPLEMENTATIONS = YES;
				CLANG_WARN_DIRECT_OBJC_ISA_USAGE = YES_ERROR;
				CLANG_WARN_DOCUMENTATION_COMMENTS = YES;
				CLANG_WARN_EMPTY_BODY = YES;
				CLANG_WARN_ENUM_CONVERSION = YES;
				CLANG_WARN_INFINITE_RECURSION = YES;
				CLANG_WARN_INT_CONVERSION = YES;
				CLANG_WARN_NON_LITERAL_NULL_CONVERSION = YES;
				CLANG_WARN_OBJC_IMPLICIT_RETAIN_SELF = YES;
				CLANG_WARN_OBJC_LITERAL_CONVERSION = YES;
				CLANG_WARN_OBJC_ROOT_CLASS = YES_ERROR;
				CLANG_WARN_RANGE_LOOP_ANALYSIS = YES;
				CLANG_WARN_STRICT_PROTOTYPES = YES;
				CLANG_WARN_SUSPICIOUS_MOVE = YES;
				CLANG_WARN_UNGUARDED_AVAILABILITY = YES_AGGRESSIVE;
				CLANG_WARN_UNREACHABLE_CODE = YES;
				CLANG_WARN__DUPLICATE_METHOD_MATCH = YES;
				CODE_SIGN_IDENTITY = "iPhone Developer";
				COPY_PHASE_STRIP = NO;
				DEBUG_INFORMATION_FORMAT = dwarf;
				ENABLE_STRICT_OBJC_MSGSEND = YES;
				ENABLE_TESTABILITY = YES;
				FRAMEWORK_SEARCH_PATHS = "$(PROJECT_DIR)/../stormshield/build/xcode-frameworks/";
				GCC_C_LANGUAGE_STANDARD = gnu11;
				GCC_DYNAMIC_NO_PIC = NO;
				GCC_NO_COMMON_BLOCKS = YES;
				GCC_OPTIMIZATION_LEVEL = 0;
				GCC_PREPROCESSOR_DEFINITIONS = (
					"DEBUG=1",
					"$(inherited)",
				);
				GCC_WARN_64_TO_32_BIT_CONVERSION = YES;
				GCC_WARN_ABOUT_RETURN_TYPE = YES_ERROR;
				GCC_WARN_UNDECLARED_SELECTOR = YES;
				GCC_WARN_UNINITIALIZED_AUTOS = YES_AGGRESSIVE;
				GCC_WARN_UNUSED_FUNCTION = YES;
				GCC_WARN_UNUSED_VARIABLE = YES;
				IPHONEOS_DEPLOYMENT_TARGET = 12.1;
				MTL_ENABLE_DEBUG_INFO = INCLUDE_SOURCE;
				MTL_FAST_MATH = YES;
				ONLY_ACTIVE_ARCH = YES;
				SDKROOT = iphoneos;
				SWIFT_ACTIVE_COMPILATION_CONDITIONS = DEBUG;
				SWIFT_OPTIMIZATION_LEVEL = "-Onone";
			};
			name = Debug;
		};
		8266D1622181F8D70090DF3E /* Release */ = {
			isa = XCBuildConfiguration;
			buildSettings = {
				ALWAYS_SEARCH_USER_PATHS = NO;
				CLANG_ANALYZER_NONNULL = YES;
				CLANG_ANALYZER_NUMBER_OBJECT_CONVERSION = YES_AGGRESSIVE;
				CLANG_CXX_LANGUAGE_STANDARD = "gnu++14";
				CLANG_CXX_LIBRARY = "libc++";
				CLANG_ENABLE_MODULES = YES;
				CLANG_ENABLE_OBJC_ARC = YES;
				CLANG_ENABLE_OBJC_WEAK = YES;
				CLANG_WARN_BLOCK_CAPTURE_AUTORELEASING = YES;
				CLANG_WARN_BOOL_CONVERSION = YES;
				CLANG_WARN_COMMA = YES;
				CLANG_WARN_CONSTANT_CONVERSION = YES;
				CLANG_WARN_DEPRECATED_OBJC_IMPLEMENTATIONS = YES;
				CLANG_WARN_DIRECT_OBJC_ISA_USAGE = YES_ERROR;
				CLANG_WARN_DOCUMENTATION_COMMENTS = YES;
				CLANG_WARN_EMPTY_BODY = YES;
				CLANG_WARN_ENUM_CONVERSION = YES;
				CLANG_WARN_INFINITE_RECURSION = YES;
				CLANG_WARN_INT_CONVERSION = YES;
				CLANG_WARN_NON_LITERAL_NULL_CONVERSION = YES;
				CLANG_WARN_OBJC_IMPLICIT_RETAIN_SELF = YES;
				CLANG_WARN_OBJC_LITERAL_CONVERSION = YES;
				CLANG_WARN_OBJC_ROOT_CLASS = YES_ERROR;
				CLANG_WARN_RANGE_LOOP_ANALYSIS = YES;
				CLANG_WARN_STRICT_PROTOTYPES = YES;
				CLANG_WARN_SUSPICIOUS_MOVE = YES;
				CLANG_WARN_UNGUARDED_AVAILABILITY = YES_AGGRESSIVE;
				CLANG_WARN_UNREACHABLE_CODE = YES;
				CLANG_WARN__DUPLICATE_METHOD_MATCH = YES;
				CODE_SIGN_IDENTITY = "iPhone Developer";
				COPY_PHASE_STRIP = NO;
				DEBUG_INFORMATION_FORMAT = "dwarf-with-dsym";
				ENABLE_NS_ASSERTIONS = NO;
				ENABLE_STRICT_OBJC_MSGSEND = YES;
				FRAMEWORK_SEARCH_PATHS = "$(PROJECT_DIR)/../stormshield/build/xcode-frameworks/";
				GCC_C_LANGUAGE_STANDARD = gnu11;
				GCC_NO_COMMON_BLOCKS = YES;
				GCC_WARN_64_TO_32_BIT_CONVERSION = YES;
				GCC_WARN_ABOUT_RETURN_TYPE = YES_ERROR;
				GCC_WARN_UNDECLARED_SELECTOR = YES;
				GCC_WARN_UNINITIALIZED_AUTOS = YES_AGGRESSIVE;
				GCC_WARN_UNUSED_FUNCTION = YES;
				GCC_WARN_UNUSED_VARIABLE = YES;
				IPHONEOS_DEPLOYMENT_TARGET = 12.1;
				MTL_ENABLE_DEBUG_INFO = NO;
				MTL_FAST_MATH = YES;
				SDKROOT = iphoneos;
				SWIFT_COMPILATION_MODE = wholemodule;
				SWIFT_OPTIMIZATION_LEVEL = "-O";
				VALIDATE_PRODUCT = YES;
			};
			name = Release;
		};
		8266D1642181F8D70090DF3E /* Debug */ = {
			isa = XCBuildConfiguration;
			buildSettings = {
				ASSETCATALOG_COMPILER_APPICON_NAME = AppIcon;
				CODE_SIGN_STYLE = Automatic;
				DEVELOPMENT_TEAM = B5RPM7SE3L;
				ENABLE_BITCODE = NO;
				FRAMEWORK_SEARCH_PATHS = "$(inherited)";
				INFOPLIST_FILE = KotlinSwift/Info.plist;
				LD_RUNPATH_SEARCH_PATHS = (
					"$(inherited)",
					"@executable_path/Frameworks",
					"$(PROJECT_DIR)/../stormshield/build/xcode-frameworks/",
				);
				PRODUCT_BUNDLE_IDENTIFIER = io.github.pietrocaselani.KotlinSwift;
				PRODUCT_NAME = "$(TARGET_NAME)";
				SWIFT_VERSION = 4.2;
				TARGETED_DEVICE_FAMILY = "1,2";
			};
			name = Debug;
		};
		8266D1652181F8D70090DF3E /* Release */ = {
			isa = XCBuildConfiguration;
			buildSettings = {
				ASSETCATALOG_COMPILER_APPICON_NAME = AppIcon;
				CODE_SIGN_STYLE = Automatic;
				DEVELOPMENT_TEAM = B5RPM7SE3L;
				ENABLE_BITCODE = NO;
				FRAMEWORK_SEARCH_PATHS = "$(inherited)";
				INFOPLIST_FILE = KotlinSwift/Info.plist;
				LD_RUNPATH_SEARCH_PATHS = (
					"$(inherited)",
					"@executable_path/Frameworks",
					"$(PROJECT_DIR)/../stormshield/build/xcode-frameworks/",
				);
				PRODUCT_BUNDLE_IDENTIFIER = io.github.pietrocaselani.KotlinSwift;
				PRODUCT_NAME = "$(TARGET_NAME)";
				SWIFT_VERSION = 4.2;
				TARGETED_DEVICE_FAMILY = "1,2";
			};
			name = Release;
		};
/* End XCBuildConfiguration section */

/* Begin XCConfigurationList section */
		8266D14C2181F8D50090DF3E /* Build configuration list for PBXProject "KotlinSwift" */ = {
			isa = XCConfigurationList;
			buildConfigurations = (
				8266D1612181F8D70090DF3E /* Debug */,
				8266D1622181F8D70090DF3E /* Release */,
			);
			defaultConfigurationIsVisible = 0;
			defaultConfigurationName = Release;
		};
		8266D1632181F8D70090DF3E /* Build configuration list for PBXNativeTarget "KotlinSwift" */ = {
			isa = XCConfigurationList;
			buildConfigurations = (
				8266D1642181F8D70090DF3E /* Debug */,
				8266D1652181F8D70090DF3E /* Release */,
			);
			defaultConfigurationIsVisible = 0;
			defaultConfigurationName = Release;
		};
/* End XCConfigurationList section */
	};
	rootObject = 8266D1492181F8D50090DF3E /* Project object */;
}
